
Microsoft Visual Studio Solution File, Format Version 12.00
# Visual Studio 15
VisualStudioVersion = 15.0.28307.852
MinimumVisualStudioVersion = 10.0.40219.1
Project("{FAE04EC0-301F-11D3-BF4B-00C04F79EFBC}") = "AutoVenREST", "AutoVenREST\AutoVenREST.csproj", "{C03925A3-8DB9-457D-AB89-CBA75A385798}"
EndProject
Project("{FAE04EC0-301F-11D3-BF4B-00C04F79EFBC}") = "ModelLib", "ModelLib\ModelLib.csproj", "{03D66AD6-4461-44A9-AD6C-6CF8029B79FF}"
EndProject
Global
	GlobalSection(SolutionConfigurationPlatforms) = preSolution
		Debug|Any CPU = Debug|Any CPU
		Release|Any CPU = Release|Any CPU
	EndGlobalSection
	GlobalSection(ProjectConfigurationPlatforms) = postSolution
		{C03925A3-8DB9-457D-AB89-CBA75A385798}.Debug|Any CPU.ActiveCfg = Debug|Any CPU
		{C03925A3-8DB9-457D-AB89-CBA75A385798}.Debug|Any CPU.Build.0 = Debug|Any CPU
		{C03925A3-8DB9-457D-AB89-CBA75A385798}.Release|Any CPU.ActiveCfg = Release|Any CPU
		{C03925A3-8DB9-457D-AB89-CBA75A385798}.Release|Any CPU.Build.0 = Release|Any CPU
		{03D66AD6-4461-44A9-AD6C-6CF8029B79FF}.Debug|Any CPU.ActiveCfg = Debug|Any CPU
		{03D66AD6-4461-44A9-AD6C-6CF8029B79FF}.Debug|Any CPU.Build.0 = Debug|Any CPU
		{03D66AD6-4461-44A9-AD6C-6CF8029B79FF}.Release|Any CPU.ActiveCfg = Release|Any CPU
		{03D66AD6-4461-44A9-AD6C-6CF8029B79FF}.Release|Any CPU.Build.0 = Release|Any CPU
	EndGlobalSection
	GlobalSection(SolutionProperties) = preSolution
		HideSolutionNode = FALSE
	EndGlobalSection
	GlobalSection(ExtensibilityGlobals) = postSolution
		SolutionGuid = {F45AB9D1-98F5-43D3-B111-67E05A682F6D}
	EndGlobalSection
EndGlobal
